
Microsoft Visual Studio Solution File, Format Version 12.00
# Visual Studio Version 16
VisualStudioVersion = 16.0.30114.128
MinimumVisualStudioVersion = 10.0.40219.1
Project("{FAE04EC0-301F-11D3-BF4B-00C04F79EFBC}") = "ApoioContabil2020", "ApoioContabilidade\ApoioContabil2020.csproj", "{F10AC088-66BF-4242-B4C5-A31CCA57B28C}"
EndProject
Project("{FAE04EC0-301F-11D3-BF4B-00C04F79EFBC}") = "ClassApropriaçoes", "ClassApropriaçoes\ClassApropriaçoes.csproj", "{675A4B30-0E87-4729-A206-294C4D2F6BAF}"
EndProject
Project("{FAE04EC0-301F-11D3-BF4B-00C04F79EFBC}") = "ClassConexao", "ClassConexao\ClassConexao\ClassConexao.csproj", "{146B03D2-3238-451A-BD02-D7786D6B38E4}"
EndProject
Project("{FAE04EC0-301F-11D3-BF4B-00C04F79EFBC}") = "ClassFiltroEdite", "ClassFiltroEdite\ClassFiltroEdite\ClassFiltroEdite\ClassFiltroEdite.csproj", "{C4F50F53-8F08-4A5E-B727-4EE84EF0D01F}"
EndProject
Project("{FAE04EC0-301F-11D3-BF4B-00C04F79EFBC}") = "ClassLibTrabalho", "ClassLibTrabalho\ClassLibTrabalho\ClassLibTrabalho.csproj", "{24F60B63-24BC-42E3-82EB-25E12B48C8FC}"
EndProject
Global
	GlobalSection(SolutionConfigurationPlatforms) = preSolution
		Debug|Any CPU = Debug|Any CPU
		Debug|x86 = Debug|x86
		Release|Any CPU = Release|Any CPU
		Release|x86 = Release|x86
	EndGlobalSection
	GlobalSection(ProjectConfigurationPlatforms) = postSolution
		{F10AC088-66BF-4242-B4C5-A31CCA57B28C}.Debug|Any CPU.ActiveCfg = Debug|Any CPU
		{F10AC088-66BF-4242-B4C5-A31CCA57B28C}.Debug|Any CPU.Build.0 = Debug|Any CPU
		{F10AC088-66BF-4242-B4C5-A31CCA57B28C}.Debug|x86.ActiveCfg = Debug|x86
		{F10AC088-66BF-4242-B4C5-A31CCA57B28C}.Debug|x86.Build.0 = Debug|x86
		{F10AC088-66BF-4242-B4C5-A31CCA57B28C}.Release|Any CPU.ActiveCfg = Release|Any CPU
		{F10AC088-66BF-4242-B4C5-A31CCA57B28C}.Release|Any CPU.Build.0 = Release|Any CPU
		{F10AC088-66BF-4242-B4C5-A31CCA57B28C}.Release|x86.ActiveCfg = Release|x86
		{F10AC088-66BF-4242-B4C5-A31CCA57B28C}.Release|x86.Build.0 = Release|x86
		{675A4B30-0E87-4729-A206-294C4D2F6BAF}.Debug|Any CPU.ActiveCfg = Debug|Any CPU
		{675A4B30-0E87-4729-A206-294C4D2F6BAF}.Debug|Any CPU.Build.0 = Debug|Any CPU
		{675A4B30-0E87-4729-A206-294C4D2F6BAF}.Debug|x86.ActiveCfg = Debug|Any CPU
		{675A4B30-0E87-4729-A206-294C4D2F6BAF}.Debug|x86.Build.0 = Debug|Any CPU
		{675A4B30-0E87-4729-A206-294C4D2F6BAF}.Release|Any CPU.ActiveCfg = Release|Any CPU
		{675A4B30-0E87-4729-A206-294C4D2F6BAF}.Release|Any CPU.Build.0 = Release|Any CPU
		{675A4B30-0E87-4729-A206-294C4D2F6BAF}.Release|x86.ActiveCfg = Release|Any CPU
		{675A4B30-0E87-4729-A206-294C4D2F6BAF}.Release|x86.Build.0 = Release|Any CPU
		{146B03D2-3238-451A-BD02-D7786D6B38E4}.Debug|Any CPU.ActiveCfg = Debug|Any CPU
		{146B03D2-3238-451A-BD02-D7786D6B38E4}.Debug|Any CPU.Build.0 = Debug|Any CPU
		{146B03D2-3238-451A-BD02-D7786D6B38E4}.Debug|x86.ActiveCfg = Debug|Any CPU
		{146B03D2-3238-451A-BD02-D7786D6B38E4}.Debug|x86.Build.0 = Debug|Any CPU
		{146B03D2-3238-451A-BD02-D7786D6B38E4}.Release|Any CPU.ActiveCfg = Release|Any CPU
		{146B03D2-3238-451A-BD02-D7786D6B38E4}.Release|Any CPU.Build.0 = Release|Any CPU
		{146B03D2-3238-451A-BD02-D7786D6B38E4}.Release|x86.ActiveCfg = Release|Any CPU
		{146B03D2-3238-451A-BD02-D7786D6B38E4}.Release|x86.Build.0 = Release|Any CPU
		{C4F50F53-8F08-4A5E-B727-4EE84EF0D01F}.Debug|Any CPU.ActiveCfg = Debug|Any CPU
		{C4F50F53-8F08-4A5E-B727-4EE84EF0D01F}.Debug|Any CPU.Build.0 = Debug|Any CPU
		{C4F50F53-8F08-4A5E-B727-4EE84EF0D01F}.Debug|x86.ActiveCfg = Debug|Any CPU
		{C4F50F53-8F08-4A5E-B727-4EE84EF0D01F}.Debug|x86.Build.0 = Debug|Any CPU
		{C4F50F53-8F08-4A5E-B727-4EE84EF0D01F}.Release|Any CPU.ActiveCfg = Release|Any CPU
		{C4F50F53-8F08-4A5E-B727-4EE84EF0D01F}.Release|Any CPU.Build.0 = Release|Any CPU
		{C4F50F53-8F08-4A5E-B727-4EE84EF0D01F}.Release|x86.ActiveCfg = Release|Any CPU
		{C4F50F53-8F08-4A5E-B727-4EE84EF0D01F}.Release|x86.Build.0 = Release|Any CPU
		{24F60B63-24BC-42E3-82EB-25E12B48C8FC}.Debug|Any CPU.ActiveCfg = Debug|Any CPU
		{24F60B63-24BC-42E3-82EB-25E12B48C8FC}.Debug|Any CPU.Build.0 = Debug|Any CPU
		{24F60B63-24BC-42E3-82EB-25E12B48C8FC}.Debug|x86.ActiveCfg = Debug|Any CPU
		{24F60B63-24BC-42E3-82EB-25E12B48C8FC}.Debug|x86.Build.0 = Debug|Any CPU
		{24F60B63-24BC-42E3-82EB-25E12B48C8FC}.Release|Any CPU.ActiveCfg = Release|Any CPU
		{24F60B63-24BC-42E3-82EB-25E12B48C8FC}.Release|Any CPU.Build.0 = Release|Any CPU
		{24F60B63-24BC-42E3-82EB-25E12B48C8FC}.Release|x86.ActiveCfg = Release|Any CPU
		{24F60B63-24BC-42E3-82EB-25E12B48C8FC}.Release|x86.Build.0 = Release|Any CPU
	EndGlobalSection
	GlobalSection(SolutionProperties) = preSolution
		HideSolutionNode = FALSE
	EndGlobalSection
	GlobalSection(ExtensibilityGlobals) = postSolution
		SolutionGuid = {F90DCB02-A296-4604-9F0F-C521282C11F1}
	EndGlobalSection
EndGlobal
