
Microsoft Visual Studio Solution File, Format Version 10.00
# Visual Studio 2008
Project("{FAE04EC0-301F-11D3-BF4B-00C04F79EFBC}") = "ClassLibTrabalho", "ClassLibTrabalho\ClassLibTrabalho.csproj", "{24F60B63-24BC-42E3-82EB-25E12B48C8FC}"
EndProject
Project("{FAE04EC0-301F-11D3-BF4B-00C04F79EFBC}") = "ClassConexao", "..\ClassConexao\ClassConexao\ClassConexao.csproj", "{146B03D2-3238-451A-BD02-D7786D6B38E4}"
EndProject
Global
	GlobalSection(SolutionConfigurationPlatforms) = preSolution
		Debug|Any CPU = Debug|Any CPU
		Release|Any CPU = Release|Any CPU
	EndGlobalSection
	GlobalSection(ProjectConfigurationPlatforms) = postSolution
		{24F60B63-24BC-42E3-82EB-25E12B48C8FC}.Debug|Any CPU.ActiveCfg = Debug|Any CPU
		{24F60B63-24BC-42E3-82EB-25E12B48C8FC}.Debug|Any CPU.Build.0 = Debug|Any CPU
		{24F60B63-24BC-42E3-82EB-25E12B48C8FC}.Release|Any CPU.ActiveCfg = Release|Any CPU
		{24F60B63-24BC-42E3-82EB-25E12B48C8FC}.Release|Any CPU.Build.0 = Release|Any CPU
		{146B03D2-3238-451A-BD02-D7786D6B38E4}.Debug|Any CPU.ActiveCfg = Debug|Any CPU
		{146B03D2-3238-451A-BD02-D7786D6B38E4}.Debug|Any CPU.Build.0 = Debug|Any CPU
		{146B03D2-3238-451A-BD02-D7786D6B38E4}.Release|Any CPU.ActiveCfg = Release|Any CPU
		{146B03D2-3238-451A-BD02-D7786D6B38E4}.Release|Any CPU.Build.0 = Release|Any CPU
	EndGlobalSection
	GlobalSection(SolutionProperties) = preSolution
		HideSolutionNode = FALSE
	EndGlobalSection
EndGlobal
